// !$*UTF8*$!
{
	archiveVersion = 1;
	classes = {
	};
	objectVersion = 56;
	objects = {

/* Begin PBXBuildFile section */
		FA55FFA42B76D24100A95611 /* City.swift in Sources */ = {isa = PBXBuildFile; fileRef = FA55FFA32B76D24100A95611 /* City.swift */; };
		FA55FFA62B76D26800A95611 /* Weather.swift in Sources */ = {isa = PBXBuildFile; fileRef = FA55FFA52B76D26800A95611 /* Weather.swift */; };
		FA55FFA82B76DD9D00A95611 /* Coordinates.swift in Sources */ = {isa = PBXBuildFile; fileRef = FA55FFA72B76DD9D00A95611 /* Coordinates.swift */; };
		FA55FFAA2B76DDCB00A95611 /* FetchWeatherUseCase.swift in Sources */ = {isa = PBXBuildFile; fileRef = FA55FFA92B76DDCB00A95611 /* FetchWeatherUseCase.swift */; };
		FA55FFAC2B76DE1E00A95611 /* SearchCityUseCase.swift in Sources */ = {isa = PBXBuildFile; fileRef = FA55FFAB2B76DE1E00A95611 /* SearchCityUseCase.swift */; };
		FA55FFB02B77679900A95611 /* String+DateParsing.swift in Sources */ = {isa = PBXBuildFile; fileRef = FA55FFAF2B77679900A95611 /* String+DateParsing.swift */; };
		FA55FFB22B7769D400A95611 /* WeatherData.swift in Sources */ = {isa = PBXBuildFile; fileRef = FA55FFB12B7769D400A95611 /* WeatherData.swift */; };
		FA55FFB72B77A3AC00A95611 /* APIEndpoints.swift in Sources */ = {isa = PBXBuildFile; fileRef = FA55FFB62B77A3AC00A95611 /* APIEndpoints.swift */; };
		FA55FFB92B77A4B400A95611 /* APIFetchWeatherUseCase.swift in Sources */ = {isa = PBXBuildFile; fileRef = FA55FFB82B77A4B400A95611 /* APIFetchWeatherUseCase.swift */; };
		FA55FFBB2B77A4C100A95611 /* APISearchCityUseCase.swift in Sources */ = {isa = PBXBuildFile; fileRef = FA55FFBA2B77A4C100A95611 /* APISearchCityUseCase.swift */; };
		FA55FFBE2B77B22200A95611 /* JSONParsingError.swift in Sources */ = {isa = PBXBuildFile; fileRef = FA55FFBD2B77B22200A95611 /* JSONParsingError.swift */; };
		FA55FFC02B77B23A00A95611 /* ConnectionError.swift in Sources */ = {isa = PBXBuildFile; fileRef = FA55FFBF2B77B23A00A95611 /* ConnectionError.swift */; };
		FA55FFC22B77B24C00A95611 /* NetworkError.swift in Sources */ = {isa = PBXBuildFile; fileRef = FA55FFC12B77B24C00A95611 /* NetworkError.swift */; };
		FA55FFC42B77B3F100A95611 /* APIResponseParser.swift in Sources */ = {isa = PBXBuildFile; fileRef = FA55FFC32B77B3F100A95611 /* APIResponseParser.swift */; };
		FAE7B8F92B7612600031E42E /* true_weatherApp.swift in Sources */ = {isa = PBXBuildFile; fileRef = FAE7B8F82B7612600031E42E /* true_weatherApp.swift */; };
		FAE7B8FB2B7612600031E42E /* ContentView.swift in Sources */ = {isa = PBXBuildFile; fileRef = FAE7B8FA2B7612600031E42E /* ContentView.swift */; };
		FAE7B8FD2B7612610031E42E /* Assets.xcassets in Resources */ = {isa = PBXBuildFile; fileRef = FAE7B8FC2B7612610031E42E /* Assets.xcassets */; };
		FAE7B9002B7612610031E42E /* Preview Assets.xcassets in Resources */ = {isa = PBXBuildFile; fileRef = FAE7B8FF2B7612610031E42E /* Preview Assets.xcassets */; };
/* End PBXBuildFile section */

/* Begin PBXFileReference section */
		FA55FFA32B76D24100A95611 /* City.swift */ = {isa = PBXFileReference; lastKnownFileType = sourcecode.swift; path = City.swift; sourceTree = "<group>"; };
		FA55FFA52B76D26800A95611 /* Weather.swift */ = {isa = PBXFileReference; lastKnownFileType = sourcecode.swift; path = Weather.swift; sourceTree = "<group>"; };
		FA55FFA72B76DD9D00A95611 /* Coordinates.swift */ = {isa = PBXFileReference; lastKnownFileType = sourcecode.swift; path = Coordinates.swift; sourceTree = "<group>"; };
		FA55FFA92B76DDCB00A95611 /* FetchWeatherUseCase.swift */ = {isa = PBXFileReference; lastKnownFileType = sourcecode.swift; path = FetchWeatherUseCase.swift; sourceTree = "<group>"; };
		FA55FFAB2B76DE1E00A95611 /* SearchCityUseCase.swift */ = {isa = PBXFileReference; lastKnownFileType = sourcecode.swift; path = SearchCityUseCase.swift; sourceTree = "<group>"; };
		FA55FFAF2B77679900A95611 /* String+DateParsing.swift */ = {isa = PBXFileReference; lastKnownFileType = sourcecode.swift; path = "String+DateParsing.swift"; sourceTree = "<group>"; };
		FA55FFB12B7769D400A95611 /* WeatherData.swift */ = {isa = PBXFileReference; lastKnownFileType = sourcecode.swift; path = WeatherData.swift; sourceTree = "<group>"; };
		FA55FFB62B77A3AC00A95611 /* APIEndpoints.swift */ = {isa = PBXFileReference; lastKnownFileType = sourcecode.swift; path = APIEndpoints.swift; sourceTree = "<group>"; };
		FA55FFB82B77A4B400A95611 /* APIFetchWeatherUseCase.swift */ = {isa = PBXFileReference; lastKnownFileType = sourcecode.swift; path = APIFetchWeatherUseCase.swift; sourceTree = "<group>"; };
		FA55FFBA2B77A4C100A95611 /* APISearchCityUseCase.swift */ = {isa = PBXFileReference; lastKnownFileType = sourcecode.swift; path = APISearchCityUseCase.swift; sourceTree = "<group>"; };
		FA55FFBD2B77B22200A95611 /* JSONParsingError.swift */ = {isa = PBXFileReference; lastKnownFileType = sourcecode.swift; path = JSONParsingError.swift; sourceTree = "<group>"; };
		FA55FFBF2B77B23A00A95611 /* ConnectionError.swift */ = {isa = PBXFileReference; lastKnownFileType = sourcecode.swift; path = ConnectionError.swift; sourceTree = "<group>"; };
		FA55FFC12B77B24C00A95611 /* NetworkError.swift */ = {isa = PBXFileReference; lastKnownFileType = sourcecode.swift; path = NetworkError.swift; sourceTree = "<group>"; };
		FA55FFC32B77B3F100A95611 /* APIResponseParser.swift */ = {isa = PBXFileReference; lastKnownFileType = sourcecode.swift; path = APIResponseParser.swift; sourceTree = "<group>"; };
		FAE7B8F52B7612600031E42E /* true-weather.app */ = {isa = PBXFileReference; explicitFileType = wrapper.application; includeInIndex = 0; path = "true-weather.app"; sourceTree = BUILT_PRODUCTS_DIR; };
		FAE7B8F82B7612600031E42E /* true_weatherApp.swift */ = {isa = PBXFileReference; lastKnownFileType = sourcecode.swift; path = true_weatherApp.swift; sourceTree = "<group>"; };
		FAE7B8FA2B7612600031E42E /* ContentView.swift */ = {isa = PBXFileReference; lastKnownFileType = sourcecode.swift; path = ContentView.swift; sourceTree = "<group>"; };
		FAE7B8FC2B7612610031E42E /* Assets.xcassets */ = {isa = PBXFileReference; lastKnownFileType = folder.assetcatalog; path = Assets.xcassets; sourceTree = "<group>"; };
		FAE7B8FF2B7612610031E42E /* Preview Assets.xcassets */ = {isa = PBXFileReference; lastKnownFileType = folder.assetcatalog; path = "Preview Assets.xcassets"; sourceTree = "<group>"; };
/* End PBXFileReference section */

/* Begin PBXFrameworksBuildPhase section */
		FAE7B8F22B7612600031E42E /* Frameworks */ = {
			isa = PBXFrameworksBuildPhase;
			buildActionMask = 2147483647;
			files = (
			);
			runOnlyForDeploymentPostprocessing = 0;
		};
/* End PBXFrameworksBuildPhase section */

/* Begin PBXGroup section */
		FA55FF9F2B76D20700A95611 /* Domain */ = {
			isa = PBXGroup;
			children = (
				FA55FFA02B76D21200A95611 /* Entities */,
				FA55FFA12B76D21B00A95611 /* UseCases */,
				FA55FFA22B76D22200A95611 /* Interfaces */,
			);
			path = Domain;
			sourceTree = "<group>";
		};
		FA55FFA02B76D21200A95611 /* Entities */ = {
			isa = PBXGroup;
			children = (
				FA55FFA72B76DD9D00A95611 /* Coordinates.swift */,
				FA55FFA32B76D24100A95611 /* City.swift */,
				FA55FFA52B76D26800A95611 /* Weather.swift */,
			);
			path = Entities;
			sourceTree = "<group>";
		};
		FA55FFA12B76D21B00A95611 /* UseCases */ = {
			isa = PBXGroup;
			children = (
				FA55FFA92B76DDCB00A95611 /* FetchWeatherUseCase.swift */,
				FA55FFAB2B76DE1E00A95611 /* SearchCityUseCase.swift */,
			);
			path = UseCases;
			sourceTree = "<group>";
		};
		FA55FFA22B76D22200A95611 /* Interfaces */ = {
			isa = PBXGroup;
			children = (
			);
			path = Interfaces;
			sourceTree = "<group>";
		};
		FA55FFAD2B77677700A95611 /* Common */ = {
			isa = PBXGroup;
			children = (
				FA55FFBC2B77B1AE00A95611 /* Errors */,
				FA55FFAE2B77677E00A95611 /* Extensions */,
				FA55FFB12B7769D400A95611 /* WeatherData.swift */,
			);
			path = Common;
			sourceTree = "<group>";
		};
		FA55FFAE2B77677E00A95611 /* Extensions */ = {
			isa = PBXGroup;
			children = (
				FA55FFAF2B77679900A95611 /* String+DateParsing.swift */,
			);
			path = Extensions;
			sourceTree = "<group>";
		};
		FA55FFB32B77A37800A95611 /* Data */ = {
			isa = PBXGroup;
			children = (
				FA55FFB42B77A38200A95611 /* Network */,
			);
			path = Data;
			sourceTree = "<group>";
		};
		FA55FFB42B77A38200A95611 /* Network */ = {
			isa = PBXGroup;
			children = (
				FA55FFB52B77A38C00A95611 /* DataMapping */,
				FA55FFB62B77A3AC00A95611 /* APIEndpoints.swift */,
				FA55FFB82B77A4B400A95611 /* APIFetchWeatherUseCase.swift */,
				FA55FFC32B77B3F100A95611 /* APIResponseParser.swift */,
				FA55FFBA2B77A4C100A95611 /* APISearchCityUseCase.swift */,
			);
			path = Network;
			sourceTree = "<group>";
		};
		FA55FFB52B77A38C00A95611 /* DataMapping */ = {
			isa = PBXGroup;
			children = (
			);
			path = DataMapping;
			sourceTree = "<group>";
		};
		FA55FFBC2B77B1AE00A95611 /* Errors */ = {
			isa = PBXGroup;
			children = (
				FA55FFBD2B77B22200A95611 /* JSONParsingError.swift */,
				FA55FFBF2B77B23A00A95611 /* ConnectionError.swift */,
				FA55FFC12B77B24C00A95611 /* NetworkError.swift */,
			);
			path = Errors;
			sourceTree = "<group>";
		};
		FAE7B8EC2B7612600031E42E = {
			isa = PBXGroup;
			children = (
				FAE7B8F72B7612600031E42E /* true-weather */,
				FAE7B8F62B7612600031E42E /* Products */,
			);
			sourceTree = "<group>";
		};
		FAE7B8F62B7612600031E42E /* Products */ = {
			isa = PBXGroup;
			children = (
				FAE7B8F52B7612600031E42E /* true-weather.app */,
			);
			name = Products;
			sourceTree = "<group>";
		};
		FAE7B8F72B7612600031E42E /* true-weather */ = {
			isa = PBXGroup;
			children = (
				FA55FFB32B77A37800A95611 /* Data */,
				FA55FFAD2B77677700A95611 /* Common */,
				FA55FF9F2B76D20700A95611 /* Domain */,
				FAE7B8F82B7612600031E42E /* true_weatherApp.swift */,
				FAE7B8FA2B7612600031E42E /* ContentView.swift */,
				FAE7B8FC2B7612610031E42E /* Assets.xcassets */,
				FAE7B8FE2B7612610031E42E /* Preview Content */,
			);
			path = "true-weather";
			sourceTree = "<group>";
		};
		FAE7B8FE2B7612610031E42E /* Preview Content */ = {
			isa = PBXGroup;
			children = (
				FAE7B8FF2B7612610031E42E /* Preview Assets.xcassets */,
			);
			path = "Preview Content";
			sourceTree = "<group>";
		};
/* End PBXGroup section */

/* Begin PBXNativeTarget section */
		FAE7B8F42B7612600031E42E /* true-weather */ = {
			isa = PBXNativeTarget;
			buildConfigurationList = FAE7B9032B7612610031E42E /* Build configuration list for PBXNativeTarget "true-weather" */;
			buildPhases = (
				FAE7B8F12B7612600031E42E /* Sources */,
				FAE7B8F22B7612600031E42E /* Frameworks */,
				FAE7B8F32B7612600031E42E /* Resources */,
			);
			buildRules = (
			);
			dependencies = (
			);
			name = "true-weather";
			productName = "true-weather";
			productReference = FAE7B8F52B7612600031E42E /* true-weather.app */;
			productType = "com.apple.product-type.application";
		};
/* End PBXNativeTarget section */

/* Begin PBXProject section */
		FAE7B8ED2B7612600031E42E /* Project object */ = {
			isa = PBXProject;
			attributes = {
				BuildIndependentTargetsInParallel = 1;
				LastSwiftUpdateCheck = 1520;
				LastUpgradeCheck = 1520;
				TargetAttributes = {
					FAE7B8F42B7612600031E42E = {
						CreatedOnToolsVersion = 15.2;
					};
				};
			};
			buildConfigurationList = FAE7B8F02B7612600031E42E /* Build configuration list for PBXProject "true-weather" */;
			compatibilityVersion = "Xcode 14.0";
			developmentRegion = en;
			hasScannedForEncodings = 0;
			knownRegions = (
				en,
				Base,
			);
			mainGroup = FAE7B8EC2B7612600031E42E;
			productRefGroup = FAE7B8F62B7612600031E42E /* Products */;
			projectDirPath = "";
			projectRoot = "";
			targets = (
				FAE7B8F42B7612600031E42E /* true-weather */,
			);
		};
/* End PBXProject section */

/* Begin PBXResourcesBuildPhase section */
		FAE7B8F32B7612600031E42E /* Resources */ = {
			isa = PBXResourcesBuildPhase;
			buildActionMask = 2147483647;
			files = (
				FAE7B9002B7612610031E42E /* Preview Assets.xcassets in Resources */,
				FAE7B8FD2B7612610031E42E /* Assets.xcassets in Resources */,
			);
			runOnlyForDeploymentPostprocessing = 0;
		};
/* End PBXResourcesBuildPhase section */

/* Begin PBXSourcesBuildPhase section */
		FAE7B8F12B7612600031E42E /* Sources */ = {
			isa = PBXSourcesBuildPhase;
			buildActionMask = 2147483647;
			files = (
				FA55FFA62B76D26800A95611 /* Weather.swift in Sources */,
				FAE7B8FB2B7612600031E42E /* ContentView.swift in Sources */,
				FA55FFB02B77679900A95611 /* String+DateParsing.swift in Sources */,
				FAE7B8F92B7612600031E42E /* true_weatherApp.swift in Sources */,
				FA55FFBE2B77B22200A95611 /* JSONParsingError.swift in Sources */,
				FA55FFB22B7769D400A95611 /* WeatherData.swift in Sources */,
				FA55FFB72B77A3AC00A95611 /* APIEndpoints.swift in Sources */,
				FA55FFB92B77A4B400A95611 /* APIFetchWeatherUseCase.swift in Sources */,
				FA55FFC42B77B3F100A95611 /* APIResponseParser.swift in Sources */,
				FA55FFBB2B77A4C100A95611 /* APISearchCityUseCase.swift in Sources */,
				FA55FFC22B77B24C00A95611 /* NetworkError.swift in Sources */,
				FA55FFAA2B76DDCB00A95611 /* FetchWeatherUseCase.swift in Sources */,
				FA55FFAC2B76DE1E00A95611 /* SearchCityUseCase.swift in Sources */,
				FA55FFA42B76D24100A95611 /* City.swift in Sources */,
				FA55FFC02B77B23A00A95611 /* ConnectionError.swift in Sources */,
				FA55FFA82B76DD9D00A95611 /* Coordinates.swift in Sources */,
			);
			runOnlyForDeploymentPostprocessing = 0;
		};
/* End PBXSourcesBuildPhase section */

/* Begin XCBuildConfiguration section */
		FAE7B9012B7612610031E42E /* Debug */ = {
			isa = XCBuildConfiguration;
			buildSettings = {
				ALWAYS_SEARCH_USER_PATHS = NO;
				ASSETCATALOG_COMPILER_GENERATE_SWIFT_ASSET_SYMBOL_EXTENSIONS = YES;
				CLANG_ANALYZER_NONNULL = YES;
				CLANG_ANALYZER_NUMBER_OBJECT_CONVERSION = YES_AGGRESSIVE;
				CLANG_CXX_LANGUAGE_STANDARD = "gnu++20";
				CLANG_ENABLE_MODULES = YES;
				CLANG_ENABLE_OBJC_ARC = YES;
				CLANG_ENABLE_OBJC_WEAK = YES;
				CLANG_WARN_BLOCK_CAPTURE_AUTORELEASING = YES;
				CLANG_WARN_BOOL_CONVERSION = YES;
				CLANG_WARN_COMMA = YES;
				CLANG_WARN_CONSTANT_CONVERSION = YES;
				CLANG_WARN_DEPRECATED_OBJC_IMPLEMENTATIONS = YES;
				CLANG_WARN_DIRECT_OBJC_ISA_USAGE = YES_ERROR;
				CLANG_WARN_DOCUMENTATION_COMMENTS = YES;
				CLANG_WARN_EMPTY_BODY = YES;
				CLANG_WARN_ENUM_CONVERSION = YES;
				CLANG_WARN_INFINITE_RECURSION = YES;
				CLANG_WARN_INT_CONVERSION = YES;
				CLANG_WARN_NON_LITERAL_NULL_CONVERSION = YES;
				CLANG_WARN_OBJC_IMPLICIT_RETAIN_SELF = YES;
				CLANG_WARN_OBJC_LITERAL_CONVERSION = YES;
				CLANG_WARN_OBJC_ROOT_CLASS = YES_ERROR;
				CLANG_WARN_QUOTED_INCLUDE_IN_FRAMEWORK_HEADER = YES;
				CLANG_WARN_RANGE_LOOP_ANALYSIS = YES;
				CLANG_WARN_STRICT_PROTOTYPES = YES;
				CLANG_WARN_SUSPICIOUS_MOVE = YES;
				CLANG_WARN_UNGUARDED_AVAILABILITY = YES_AGGRESSIVE;
				CLANG_WARN_UNREACHABLE_CODE = YES;
				CLANG_WARN__DUPLICATE_METHOD_MATCH = YES;
				COPY_PHASE_STRIP = NO;
				DEBUG_INFORMATION_FORMAT = dwarf;
				ENABLE_STRICT_OBJC_MSGSEND = YES;
				ENABLE_TESTABILITY = YES;
				ENABLE_USER_SCRIPT_SANDBOXING = YES;
				GCC_C_LANGUAGE_STANDARD = gnu17;
				GCC_DYNAMIC_NO_PIC = NO;
				GCC_NO_COMMON_BLOCKS = YES;
				GCC_OPTIMIZATION_LEVEL = 0;
				GCC_PREPROCESSOR_DEFINITIONS = (
					"DEBUG=1",
					"$(inherited)",
				);
				GCC_WARN_64_TO_32_BIT_CONVERSION = YES;
				GCC_WARN_ABOUT_RETURN_TYPE = YES_ERROR;
				GCC_WARN_UNDECLARED_SELECTOR = YES;
				GCC_WARN_UNINITIALIZED_AUTOS = YES_AGGRESSIVE;
				GCC_WARN_UNUSED_FUNCTION = YES;
				GCC_WARN_UNUSED_VARIABLE = YES;
				IPHONEOS_DEPLOYMENT_TARGET = 17.2;
				LOCALIZATION_PREFERS_STRING_CATALOGS = YES;
				MTL_ENABLE_DEBUG_INFO = INCLUDE_SOURCE;
				MTL_FAST_MATH = YES;
				ONLY_ACTIVE_ARCH = YES;
				SDKROOT = iphoneos;
				SWIFT_ACTIVE_COMPILATION_CONDITIONS = "DEBUG $(inherited)";
				SWIFT_OPTIMIZATION_LEVEL = "-Onone";
			};
			name = Debug;
		};
		FAE7B9022B7612610031E42E /* Release */ = {
			isa = XCBuildConfiguration;
			buildSettings = {
				ALWAYS_SEARCH_USER_PATHS = NO;
				ASSETCATALOG_COMPILER_GENERATE_SWIFT_ASSET_SYMBOL_EXTENSIONS = YES;
				CLANG_ANALYZER_NONNULL = YES;
				CLANG_ANALYZER_NUMBER_OBJECT_CONVERSION = YES_AGGRESSIVE;
				CLANG_CXX_LANGUAGE_STANDARD = "gnu++20";
				CLANG_ENABLE_MODULES = YES;
				CLANG_ENABLE_OBJC_ARC = YES;
				CLANG_ENABLE_OBJC_WEAK = YES;
				CLANG_WARN_BLOCK_CAPTURE_AUTORELEASING = YES;
				CLANG_WARN_BOOL_CONVERSION = YES;
				CLANG_WARN_COMMA = YES;
				CLANG_WARN_CONSTANT_CONVERSION = YES;
				CLANG_WARN_DEPRECATED_OBJC_IMPLEMENTATIONS = YES;
				CLANG_WARN_DIRECT_OBJC_ISA_USAGE = YES_ERROR;
				CLANG_WARN_DOCUMENTATION_COMMENTS = YES;
				CLANG_WARN_EMPTY_BODY = YES;
				CLANG_WARN_ENUM_CONVERSION = YES;
				CLANG_WARN_INFINITE_RECURSION = YES;
				CLANG_WARN_INT_CONVERSION = YES;
				CLANG_WARN_NON_LITERAL_NULL_CONVERSION = YES;
				CLANG_WARN_OBJC_IMPLICIT_RETAIN_SELF = YES;
				CLANG_WARN_OBJC_LITERAL_CONVERSION = YES;
				CLANG_WARN_OBJC_ROOT_CLASS = YES_ERROR;
				CLANG_WARN_QUOTED_INCLUDE_IN_FRAMEWORK_HEADER = YES;
				CLANG_WARN_RANGE_LOOP_ANALYSIS = YES;
				CLANG_WARN_STRICT_PROTOTYPES = YES;
				CLANG_WARN_SUSPICIOUS_MOVE = YES;
				CLANG_WARN_UNGUARDED_AVAILABILITY = YES_AGGRESSIVE;
				CLANG_WARN_UNREACHABLE_CODE = YES;
				CLANG_WARN__DUPLICATE_METHOD_MATCH = YES;
				COPY_PHASE_STRIP = NO;
				DEBUG_INFORMATION_FORMAT = "dwarf-with-dsym";
				ENABLE_NS_ASSERTIONS = NO;
				ENABLE_STRICT_OBJC_MSGSEND = YES;
				ENABLE_USER_SCRIPT_SANDBOXING = YES;
				GCC_C_LANGUAGE_STANDARD = gnu17;
				GCC_NO_COMMON_BLOCKS = YES;
				GCC_WARN_64_TO_32_BIT_CONVERSION = YES;
				GCC_WARN_ABOUT_RETURN_TYPE = YES_ERROR;
				GCC_WARN_UNDECLARED_SELECTOR = YES;
				GCC_WARN_UNINITIALIZED_AUTOS = YES_AGGRESSIVE;
				GCC_WARN_UNUSED_FUNCTION = YES;
				GCC_WARN_UNUSED_VARIABLE = YES;
				IPHONEOS_DEPLOYMENT_TARGET = 17.2;
				LOCALIZATION_PREFERS_STRING_CATALOGS = YES;
				MTL_ENABLE_DEBUG_INFO = NO;
				MTL_FAST_MATH = YES;
				SDKROOT = iphoneos;
				SWIFT_COMPILATION_MODE = wholemodule;
				VALIDATE_PRODUCT = YES;
			};
			name = Release;
		};
		FAE7B9042B7612610031E42E /* Debug */ = {
			isa = XCBuildConfiguration;
			buildSettings = {
				ASSETCATALOG_COMPILER_APPICON_NAME = AppIcon;
				ASSETCATALOG_COMPILER_GLOBAL_ACCENT_COLOR_NAME = AccentColor;
				CODE_SIGN_STYLE = Automatic;
				CURRENT_PROJECT_VERSION = 1;
				DEVELOPMENT_ASSET_PATHS = "\"true-weather/Preview Content\"";
				DEVELOPMENT_TEAM = VH2G95WPWC;
				ENABLE_PREVIEWS = YES;
				GENERATE_INFOPLIST_FILE = YES;
				INFOPLIST_KEY_CFBundleDisplayName = "True Weather";
				INFOPLIST_KEY_LSApplicationCategoryType = "public.app-category.weather";
				INFOPLIST_KEY_UIApplicationSceneManifest_Generation = YES;
				INFOPLIST_KEY_UIApplicationSupportsIndirectInputEvents = YES;
				INFOPLIST_KEY_UILaunchScreen_Generation = YES;
				INFOPLIST_KEY_UISupportedInterfaceOrientations = "UIInterfaceOrientationLandscapeLeft UIInterfaceOrientationLandscapeRight UIInterfaceOrientationPortrait";
				INFOPLIST_KEY_UISupportedInterfaceOrientations_iPad = "UIInterfaceOrientationLandscapeLeft UIInterfaceOrientationLandscapeRight UIInterfaceOrientationPortrait UIInterfaceOrientationPortraitUpsideDown";
				IPHONEOS_DEPLOYMENT_TARGET = 16.0;
				LD_RUNPATH_SEARCH_PATHS = (
					"$(inherited)",
					"@executable_path/Frameworks",
				);
				MARKETING_VERSION = 1.0.0;
				PRODUCT_BUNDLE_IDENTIFIER = "md.alex.true-weather";
				PRODUCT_NAME = "$(TARGET_NAME)";
				SWIFT_EMIT_LOC_STRINGS = YES;
				SWIFT_VERSION = 5.0;
				TARGETED_DEVICE_FAMILY = "1,2";
			};
			name = Debug;
		};
		FAE7B9052B7612610031E42E /* Release */ = {
			isa = XCBuildConfiguration;
			buildSettings = {
				ASSETCATALOG_COMPILER_APPICON_NAME = AppIcon;
				ASSETCATALOG_COMPILER_GLOBAL_ACCENT_COLOR_NAME = AccentColor;
				CODE_SIGN_STYLE = Automatic;
				CURRENT_PROJECT_VERSION = 1;
				DEVELOPMENT_ASSET_PATHS = "\"true-weather/Preview Content\"";
				DEVELOPMENT_TEAM = VH2G95WPWC;
				ENABLE_PREVIEWS = YES;
				GENERATE_INFOPLIST_FILE = YES;
				INFOPLIST_KEY_CFBundleDisplayName = "True Weather";
				INFOPLIST_KEY_LSApplicationCategoryType = "public.app-category.weather";
				INFOPLIST_KEY_UIApplicationSceneManifest_Generation = YES;
				INFOPLIST_KEY_UIApplicationSupportsIndirectInputEvents = YES;
				INFOPLIST_KEY_UILaunchScreen_Generation = YES;
				INFOPLIST_KEY_UISupportedInterfaceOrientations = "UIInterfaceOrientationLandscapeLeft UIInterfaceOrientationLandscapeRight UIInterfaceOrientationPortrait";
				INFOPLIST_KEY_UISupportedInterfaceOrientations_iPad = "UIInterfaceOrientationLandscapeLeft UIInterfaceOrientationLandscapeRight UIInterfaceOrientationPortrait UIInterfaceOrientationPortraitUpsideDown";
				IPHONEOS_DEPLOYMENT_TARGET = 16.0;
				LD_RUNPATH_SEARCH_PATHS = (
					"$(inherited)",
					"@executable_path/Frameworks",
				);
				MARKETING_VERSION = 1.0.0;
				PRODUCT_BUNDLE_IDENTIFIER = "md.alex.true-weather";
				PRODUCT_NAME = "$(TARGET_NAME)";
				SWIFT_EMIT_LOC_STRINGS = YES;
				SWIFT_VERSION = 5.0;
				TARGETED_DEVICE_FAMILY = "1,2";
			};
			name = Release;
		};
/* End XCBuildConfiguration section */

/* Begin XCConfigurationList section */
		FAE7B8F02B7612600031E42E /* Build configuration list for PBXProject "true-weather" */ = {
			isa = XCConfigurationList;
			buildConfigurations = (
				FAE7B9012B7612610031E42E /* Debug */,
				FAE7B9022B7612610031E42E /* Release */,
			);
			defaultConfigurationIsVisible = 0;
			defaultConfigurationName = Release;
		};
		FAE7B9032B7612610031E42E /* Build configuration list for PBXNativeTarget "true-weather" */ = {
			isa = XCConfigurationList;
			buildConfigurations = (
				FAE7B9042B7612610031E42E /* Debug */,
				FAE7B9052B7612610031E42E /* Release */,
			);
			defaultConfigurationIsVisible = 0;
			defaultConfigurationName = Release;
		};
/* End XCConfigurationList section */
	};
	rootObject = FAE7B8ED2B7612600031E42E /* Project object */;
}
